// !$*UTF8*$!
{
	archiveVersion = 1;
	classes = {
	};
	objectVersion = 50;
	objects = {

/* Begin PBXBuildFile section */
		9217C8FE229308D4008B3235 /* AppDelegate.m in Sources */ = {isa = PBXBuildFile; fileRef = 9217C8FD229308D4008B3235 /* AppDelegate.m */; };
		9217C904229308D4008B3235 /* Main.storyboard in Resources */ = {isa = PBXBuildFile; fileRef = 9217C902229308D4008B3235 /* Main.storyboard */; };
		9217C906229308D5008B3235 /* Assets.xcassets in Resources */ = {isa = PBXBuildFile; fileRef = 9217C905229308D5008B3235 /* Assets.xcassets */; };
		9217C909229308D5008B3235 /* LaunchScreen.storyboard in Resources */ = {isa = PBXBuildFile; fileRef = 9217C907229308D5008B3235 /* LaunchScreen.storyboard */; };
		9217C90C229308D5008B3235 /* main.m in Sources */ = {isa = PBXBuildFile; fileRef = 9217C90B229308D5008B3235 /* main.m */; };
		9217C916229308D5008B3235 /* PlaylistObjectiveCTests.m in Sources */ = {isa = PBXBuildFile; fileRef = 9217C915229308D5008B3235 /* PlaylistObjectiveCTests.m */; };
		9217C921229308D5008B3235 /* PlaylistObjectiveCUITests.m in Sources */ = {isa = PBXBuildFile; fileRef = 9217C920229308D5008B3235 /* PlaylistObjectiveCUITests.m */; };
		9217C93122930BCC008B3235 /* WILSong.m in Sources */ = {isa = PBXBuildFile; fileRef = 9217C93022930BCC008B3235 /* WILSong.m */; };
		9217C93522930C0E008B3235 /* WILPlaylist.m in Sources */ = {isa = PBXBuildFile; fileRef = 9217C93422930C0E008B3235 /* WILPlaylist.m */; };
		9217C938229316B5008B3235 /* WILPlaylistController.m in Sources */ = {isa = PBXBuildFile; fileRef = 9217C937229316B5008B3235 /* WILPlaylistController.m */; };
		9217C93D22932269008B3235 /* WILPlaylistTableViewController.m in Sources */ = {isa = PBXBuildFile; fileRef = 9217C93C22932269008B3235 /* WILPlaylistTableViewController.m */; };
		9217C94422933AAF008B3235 /* WILDetailTableViewController.m in Sources */ = {isa = PBXBuildFile; fileRef = 9217C94322933AAF008B3235 /* WILDetailTableViewController.m */; };
/* End PBXBuildFile section */

/* Begin PBXContainerItemProxy section */
		9217C912229308D5008B3235 /* PBXContainerItemProxy */ = {
			isa = PBXContainerItemProxy;
			containerPortal = 9217C8F1229308D4008B3235 /* Project object */;
			proxyType = 1;
			remoteGlobalIDString = 9217C8F8229308D4008B3235;
			remoteInfo = PlaylistObjectiveC;
		};
		9217C91D229308D5008B3235 /* PBXContainerItemProxy */ = {
			isa = PBXContainerItemProxy;
			containerPortal = 9217C8F1229308D4008B3235 /* Project object */;
			proxyType = 1;
			remoteGlobalIDString = 9217C8F8229308D4008B3235;
			remoteInfo = PlaylistObjectiveC;
		};
/* End PBXContainerItemProxy section */

/* Begin PBXFileReference section */
		9217C8F9229308D4008B3235 /* PlaylistObjectiveC.app */ = {isa = PBXFileReference; explicitFileType = wrapper.application; includeInIndex = 0; path = PlaylistObjectiveC.app; sourceTree = BUILT_PRODUCTS_DIR; };
		9217C8FC229308D4008B3235 /* AppDelegate.h */ = {isa = PBXFileReference; lastKnownFileType = sourcecode.c.h; path = AppDelegate.h; sourceTree = "<group>"; };
		9217C8FD229308D4008B3235 /* AppDelegate.m */ = {isa = PBXFileReference; lastKnownFileType = sourcecode.c.objc; path = AppDelegate.m; sourceTree = "<group>"; };
		9217C903229308D4008B3235 /* Base */ = {isa = PBXFileReference; lastKnownFileType = file.storyboard; name = Base; path = Base.lproj/Main.storyboard; sourceTree = "<group>"; };
		9217C905229308D5008B3235 /* Assets.xcassets */ = {isa = PBXFileReference; lastKnownFileType = folder.assetcatalog; path = Assets.xcassets; sourceTree = "<group>"; };
		9217C908229308D5008B3235 /* Base */ = {isa = PBXFileReference; lastKnownFileType = file.storyboard; name = Base; path = Base.lproj/LaunchScreen.storyboard; sourceTree = "<group>"; };
		9217C90A229308D5008B3235 /* Info.plist */ = {isa = PBXFileReference; lastKnownFileType = text.plist.xml; path = Info.plist; sourceTree = "<group>"; };
		9217C90B229308D5008B3235 /* main.m */ = {isa = PBXFileReference; lastKnownFileType = sourcecode.c.objc; path = main.m; sourceTree = "<group>"; };
		9217C911229308D5008B3235 /* PlaylistObjectiveCTests.xctest */ = {isa = PBXFileReference; explicitFileType = wrapper.cfbundle; includeInIndex = 0; path = PlaylistObjectiveCTests.xctest; sourceTree = BUILT_PRODUCTS_DIR; };
		9217C915229308D5008B3235 /* PlaylistObjectiveCTests.m */ = {isa = PBXFileReference; lastKnownFileType = sourcecode.c.objc; path = PlaylistObjectiveCTests.m; sourceTree = "<group>"; };
		9217C917229308D5008B3235 /* Info.plist */ = {isa = PBXFileReference; lastKnownFileType = text.plist.xml; path = Info.plist; sourceTree = "<group>"; };
		9217C91C229308D5008B3235 /* PlaylistObjectiveCUITests.xctest */ = {isa = PBXFileReference; explicitFileType = wrapper.cfbundle; includeInIndex = 0; path = PlaylistObjectiveCUITests.xctest; sourceTree = BUILT_PRODUCTS_DIR; };
		9217C920229308D5008B3235 /* PlaylistObjectiveCUITests.m */ = {isa = PBXFileReference; lastKnownFileType = sourcecode.c.objc; path = PlaylistObjectiveCUITests.m; sourceTree = "<group>"; };
		9217C922229308D5008B3235 /* Info.plist */ = {isa = PBXFileReference; lastKnownFileType = text.plist.xml; path = Info.plist; sourceTree = "<group>"; };
		9217C92F22930BCC008B3235 /* WILSong.h */ = {isa = PBXFileReference; lastKnownFileType = sourcecode.c.h; path = WILSong.h; sourceTree = "<group>"; };
		9217C93022930BCC008B3235 /* WILSong.m */ = {isa = PBXFileReference; lastKnownFileType = sourcecode.c.objc; path = WILSong.m; sourceTree = "<group>"; };
		9217C93322930C0E008B3235 /* WILPlaylist.h */ = {isa = PBXFileReference; lastKnownFileType = sourcecode.c.h; path = WILPlaylist.h; sourceTree = "<group>"; };
		9217C93422930C0E008B3235 /* WILPlaylist.m */ = {isa = PBXFileReference; lastKnownFileType = sourcecode.c.objc; path = WILPlaylist.m; sourceTree = "<group>"; };
		9217C936229316B5008B3235 /* WILPlaylistController.h */ = {isa = PBXFileReference; lastKnownFileType = sourcecode.c.h; path = WILPlaylistController.h; sourceTree = "<group>"; };
		9217C937229316B5008B3235 /* WILPlaylistController.m */ = {isa = PBXFileReference; lastKnownFileType = sourcecode.c.objc; path = WILPlaylistController.m; sourceTree = "<group>"; };
		9217C93B22932269008B3235 /* WILPlaylistTableViewController.h */ = {isa = PBXFileReference; lastKnownFileType = sourcecode.c.h; path = WILPlaylistTableViewController.h; sourceTree = "<group>"; };
		9217C93C22932269008B3235 /* WILPlaylistTableViewController.m */ = {isa = PBXFileReference; lastKnownFileType = sourcecode.c.objc; path = WILPlaylistTableViewController.m; sourceTree = "<group>"; };
		9217C94222933AAF008B3235 /* WILDetailTableViewController.h */ = {isa = PBXFileReference; lastKnownFileType = sourcecode.c.h; path = WILDetailTableViewController.h; sourceTree = "<group>"; };
		9217C94322933AAF008B3235 /* WILDetailTableViewController.m */ = {isa = PBXFileReference; lastKnownFileType = sourcecode.c.objc; path = WILDetailTableViewController.m; sourceTree = "<group>"; };
/* End PBXFileReference section */

/* Begin PBXFrameworksBuildPhase section */
		9217C8F6229308D4008B3235 /* Frameworks */ = {
			isa = PBXFrameworksBuildPhase;
			buildActionMask = 2147483647;
			files = (
			);
			runOnlyForDeploymentPostprocessing = 0;
		};
		9217C90E229308D5008B3235 /* Frameworks */ = {
			isa = PBXFrameworksBuildPhase;
			buildActionMask = 2147483647;
			files = (
			);
			runOnlyForDeploymentPostprocessing = 0;
		};
		9217C919229308D5008B3235 /* Frameworks */ = {
			isa = PBXFrameworksBuildPhase;
			buildActionMask = 2147483647;
			files = (
			);
			runOnlyForDeploymentPostprocessing = 0;
		};
/* End PBXFrameworksBuildPhase section */

/* Begin PBXGroup section */
		9217C8F0229308D4008B3235 = {
			isa = PBXGroup;
			children = (
				9217C8FB229308D4008B3235 /* PlaylistObjectiveC */,
				9217C914229308D5008B3235 /* PlaylistObjectiveCTests */,
				9217C91F229308D5008B3235 /* PlaylistObjectiveCUITests */,
				9217C8FA229308D4008B3235 /* Products */,
			);
			sourceTree = "<group>";
		};
		9217C8FA229308D4008B3235 /* Products */ = {
			isa = PBXGroup;
			children = (
				9217C8F9229308D4008B3235 /* PlaylistObjectiveC.app */,
				9217C911229308D5008B3235 /* PlaylistObjectiveCTests.xctest */,
				9217C91C229308D5008B3235 /* PlaylistObjectiveCUITests.xctest */,
			);
			name = Products;
			sourceTree = "<group>";
		};
		9217C8FB229308D4008B3235 /* PlaylistObjectiveC */ = {
			isa = PBXGroup;
			children = (
				9217C92E22930AAA008B3235 /* Resources */,
				9217C902229308D4008B3235 /* Main.storyboard */,
				9217C93222930BD3008B3235 /* Models */,
				9217C939229316BD008B3235 /* Controller */,
			);
			path = PlaylistObjectiveC;
			sourceTree = "<group>";
		};
		9217C914229308D5008B3235 /* PlaylistObjectiveCTests */ = {
			isa = PBXGroup;
			children = (
				9217C915229308D5008B3235 /* PlaylistObjectiveCTests.m */,
				9217C917229308D5008B3235 /* Info.plist */,
			);
			path = PlaylistObjectiveCTests;
			sourceTree = "<group>";
		};
		9217C91F229308D5008B3235 /* PlaylistObjectiveCUITests */ = {
			isa = PBXGroup;
			children = (
				9217C920229308D5008B3235 /* PlaylistObjectiveCUITests.m */,
				9217C922229308D5008B3235 /* Info.plist */,
			);
			path = PlaylistObjectiveCUITests;
			sourceTree = "<group>";
		};
		9217C92E22930AAA008B3235 /* Resources */ = {
			isa = PBXGroup;
			children = (
				9217C8FC229308D4008B3235 /* AppDelegate.h */,
				9217C8FD229308D4008B3235 /* AppDelegate.m */,
				9217C905229308D5008B3235 /* Assets.xcassets */,
				9217C907229308D5008B3235 /* LaunchScreen.storyboard */,
				9217C90A229308D5008B3235 /* Info.plist */,
				9217C90B229308D5008B3235 /* main.m */,
			);
			path = Resources;
			sourceTree = "<group>";
		};
		9217C93222930BD3008B3235 /* Models */ = {
			isa = PBXGroup;
			children = (
				9217C92F22930BCC008B3235 /* WILSong.h */,
				9217C93022930BCC008B3235 /* WILSong.m */,
				9217C93322930C0E008B3235 /* WILPlaylist.h */,
				9217C93422930C0E008B3235 /* WILPlaylist.m */,
			);
			path = Models;
			sourceTree = "<group>";
		};
		9217C939229316BD008B3235 /* Controller */ = {
			isa = PBXGroup;
			children = (
				9217C93A22932234008B3235 /* Model Controllers */,
				9217C94122932295008B3235 /* ViewControllers */,
			);
			path = Controller;
			sourceTree = "<group>";
		};
		9217C93A22932234008B3235 /* Model Controllers */ = {
			isa = PBXGroup;
			children = (
				9217C936229316B5008B3235 /* WILPlaylistController.h */,
				9217C937229316B5008B3235 /* WILPlaylistController.m */,
			);
			path = "Model Controllers";
			sourceTree = "<group>";
		};
		9217C94122932295008B3235 /* ViewControllers */ = {
			isa = PBXGroup;
			children = (
				9217C93B22932269008B3235 /* WILPlaylistTableViewController.h */,
				9217C93C22932269008B3235 /* WILPlaylistTableViewController.m */,
				9217C94222933AAF008B3235 /* WILDetailTableViewController.h */,
				9217C94322933AAF008B3235 /* WILDetailTableViewController.m */,
			);
			path = ViewControllers;
			sourceTree = "<group>";
		};
/* End PBXGroup section */

/* Begin PBXNativeTarget section */
		9217C8F8229308D4008B3235 /* PlaylistObjectiveC */ = {
			isa = PBXNativeTarget;
			buildConfigurationList = 9217C925229308D5008B3235 /* Build configuration list for PBXNativeTarget "PlaylistObjectiveC" */;
			buildPhases = (
				9217C8F5229308D4008B3235 /* Sources */,
				9217C8F6229308D4008B3235 /* Frameworks */,
				9217C8F7229308D4008B3235 /* Resources */,
			);
			buildRules = (
			);
			dependencies = (
			);
			name = PlaylistObjectiveC;
			productName = PlaylistObjectiveC;
			productReference = 9217C8F9229308D4008B3235 /* PlaylistObjectiveC.app */;
			productType = "com.apple.product-type.application";
		};
		9217C910229308D5008B3235 /* PlaylistObjectiveCTests */ = {
			isa = PBXNativeTarget;
			buildConfigurationList = 9217C928229308D5008B3235 /* Build configuration list for PBXNativeTarget "PlaylistObjectiveCTests" */;
			buildPhases = (
				9217C90D229308D5008B3235 /* Sources */,
				9217C90E229308D5008B3235 /* Frameworks */,
				9217C90F229308D5008B3235 /* Resources */,
			);
			buildRules = (
			);
			dependencies = (
				9217C913229308D5008B3235 /* PBXTargetDependency */,
			);
			name = PlaylistObjectiveCTests;
			productName = PlaylistObjectiveCTests;
			productReference = 9217C911229308D5008B3235 /* PlaylistObjectiveCTests.xctest */;
			productType = "com.apple.product-type.bundle.unit-test";
		};
		9217C91B229308D5008B3235 /* PlaylistObjectiveCUITests */ = {
			isa = PBXNativeTarget;
			buildConfigurationList = 9217C92B229308D5008B3235 /* Build configuration list for PBXNativeTarget "PlaylistObjectiveCUITests" */;
			buildPhases = (
				9217C918229308D5008B3235 /* Sources */,
				9217C919229308D5008B3235 /* Frameworks */,
				9217C91A229308D5008B3235 /* Resources */,
			);
			buildRules = (
			);
			dependencies = (
				9217C91E229308D5008B3235 /* PBXTargetDependency */,
			);
			name = PlaylistObjectiveCUITests;
			productName = PlaylistObjectiveCUITests;
			productReference = 9217C91C229308D5008B3235 /* PlaylistObjectiveCUITests.xctest */;
			productType = "com.apple.product-type.bundle.ui-testing";
		};
/* End PBXNativeTarget section */

/* Begin PBXProject section */
		9217C8F1229308D4008B3235 /* Project object */ = {
			isa = PBXProject;
			attributes = {
				CLASSPREFIX = WIL;
				LastUpgradeCheck = 1020;
				ORGANIZATIONNAME = "William Moody";
				TargetAttributes = {
					9217C8F8229308D4008B3235 = {
						CreatedOnToolsVersion = 10.2.1;
					};
					9217C910229308D5008B3235 = {
						CreatedOnToolsVersion = 10.2.1;
						TestTargetID = 9217C8F8229308D4008B3235;
					};
					9217C91B229308D5008B3235 = {
						CreatedOnToolsVersion = 10.2.1;
						TestTargetID = 9217C8F8229308D4008B3235;
					};
				};
			};
			buildConfigurationList = 9217C8F4229308D4008B3235 /* Build configuration list for PBXProject "PlaylistObjectiveC" */;
			compatibilityVersion = "Xcode 9.3";
			developmentRegion = en;
			hasScannedForEncodings = 0;
			knownRegions = (
				en,
				Base,
			);
			mainGroup = 9217C8F0229308D4008B3235;
			productRefGroup = 9217C8FA229308D4008B3235 /* Products */;
			projectDirPath = "";
			projectRoot = "";
			targets = (
				9217C8F8229308D4008B3235 /* PlaylistObjectiveC */,
				9217C910229308D5008B3235 /* PlaylistObjectiveCTests */,
				9217C91B229308D5008B3235 /* PlaylistObjectiveCUITests */,
			);
		};
/* End PBXProject section */

/* Begin PBXResourcesBuildPhase section */
		9217C8F7229308D4008B3235 /* Resources */ = {
			isa = PBXResourcesBuildPhase;
			buildActionMask = 2147483647;
			files = (
				9217C909229308D5008B3235 /* LaunchScreen.storyboard in Resources */,
				9217C906229308D5008B3235 /* Assets.xcassets in Resources */,
				9217C904229308D4008B3235 /* Main.storyboard in Resources */,
			);
			runOnlyForDeploymentPostprocessing = 0;
		};
		9217C90F229308D5008B3235 /* Resources */ = {
			isa = PBXResourcesBuildPhase;
			buildActionMask = 2147483647;
			files = (
			);
			runOnlyForDeploymentPostprocessing = 0;
		};
		9217C91A229308D5008B3235 /* Resources */ = {
			isa = PBXResourcesBuildPhase;
			buildActionMask = 2147483647;
			files = (
			);
			runOnlyForDeploymentPostprocessing = 0;
		};
/* End PBXResourcesBuildPhase section */

/* Begin PBXSourcesBuildPhase section */
		9217C8F5229308D4008B3235 /* Sources */ = {
			isa = PBXSourcesBuildPhase;
			buildActionMask = 2147483647;
			files = (
				9217C93D22932269008B3235 /* WILPlaylistTableViewController.m in Sources */,
				9217C94422933AAF008B3235 /* WILDetailTableViewController.m in Sources */,
				9217C90C229308D5008B3235 /* main.m in Sources */,
				9217C93122930BCC008B3235 /* WILSong.m in Sources */,
				9217C93522930C0E008B3235 /* WILPlaylist.m in Sources */,
				9217C8FE229308D4008B3235 /* AppDelegate.m in Sources */,
				9217C938229316B5008B3235 /* WILPlaylistController.m in Sources */,
			);
			runOnlyForDeploymentPostprocessing = 0;
		};
		9217C90D229308D5008B3235 /* Sources */ = {
			isa = PBXSourcesBuildPhase;
			buildActionMask = 2147483647;
			files = (
				9217C916229308D5008B3235 /* PlaylistObjectiveCTests.m in Sources */,
			);
			runOnlyForDeploymentPostprocessing = 0;
		};
		9217C918229308D5008B3235 /* Sources */ = {
			isa = PBXSourcesBuildPhase;
			buildActionMask = 2147483647;
			files = (
				9217C921229308D5008B3235 /* PlaylistObjectiveCUITests.m in Sources */,
			);
			runOnlyForDeploymentPostprocessing = 0;
		};
/* End PBXSourcesBuildPhase section */

/* Begin PBXTargetDependency section */
		9217C913229308D5008B3235 /* PBXTargetDependency */ = {
			isa = PBXTargetDependency;
			target = 9217C8F8229308D4008B3235 /* PlaylistObjectiveC */;
			targetProxy = 9217C912229308D5008B3235 /* PBXContainerItemProxy */;
		};
		9217C91E229308D5008B3235 /* PBXTargetDependency */ = {
			isa = PBXTargetDependency;
			target = 9217C8F8229308D4008B3235 /* PlaylistObjectiveC */;
			targetProxy = 9217C91D229308D5008B3235 /* PBXContainerItemProxy */;
		};
/* End PBXTargetDependency section */

/* Begin PBXVariantGroup section */
		9217C902229308D4008B3235 /* Main.storyboard */ = {
			isa = PBXVariantGroup;
			children = (
				9217C903229308D4008B3235 /* Base */,
			);
			name = Main.storyboard;
			sourceTree = "<group>";
		};
		9217C907229308D5008B3235 /* LaunchScreen.storyboard */ = {
			isa = PBXVariantGroup;
			children = (
				9217C908229308D5008B3235 /* Base */,
			);
			name = LaunchScreen.storyboard;
			sourceTree = "<group>";
		};
/* End PBXVariantGroup section */

/* Begin XCBuildConfiguration section */
		9217C923229308D5008B3235 /* Debug */ = {
			isa = XCBuildConfiguration;
			buildSettings = {
				ALWAYS_SEARCH_USER_PATHS = NO;
				CLANG_ANALYZER_NONNULL = YES;
				CLANG_ANALYZER_NUMBER_OBJECT_CONVERSION = YES_AGGRESSIVE;
				CLANG_CXX_LANGUAGE_STANDARD = "gnu++14";
				CLANG_CXX_LIBRARY = "libc++";
				CLANG_ENABLE_MODULES = YES;
				CLANG_ENABLE_OBJC_ARC = YES;
				CLANG_ENABLE_OBJC_WEAK = YES;
				CLANG_WARN_BLOCK_CAPTURE_AUTORELEASING = YES;
				CLANG_WARN_BOOL_CONVERSION = YES;
				CLANG_WARN_COMMA = YES;
				CLANG_WARN_CONSTANT_CONVERSION = YES;
				CLANG_WARN_DEPRECATED_OBJC_IMPLEMENTATIONS = YES;
				CLANG_WARN_DIRECT_OBJC_ISA_USAGE = YES_ERROR;
				CLANG_WARN_DOCUMENTATION_COMMENTS = YES;
				CLANG_WARN_EMPTY_BODY = YES;
				CLANG_WARN_ENUM_CONVERSION = YES;
				CLANG_WARN_INFINITE_RECURSION = YES;
				CLANG_WARN_INT_CONVERSION = YES;
				CLANG_WARN_NON_LITERAL_NULL_CONVERSION = YES;
				CLANG_WARN_OBJC_IMPLICIT_RETAIN_SELF = YES;
				CLANG_WARN_OBJC_LITERAL_CONVERSION = YES;
				CLANG_WARN_OBJC_ROOT_CLASS = YES_ERROR;
				CLANG_WARN_RANGE_LOOP_ANALYSIS = YES;
				CLANG_WARN_STRICT_PROTOTYPES = YES;
				CLANG_WARN_SUSPICIOUS_MOVE = YES;
				CLANG_WARN_UNGUARDED_AVAILABILITY = YES_AGGRESSIVE;
				CLANG_WARN_UNREACHABLE_CODE = YES;
				CLANG_WARN__DUPLICATE_METHOD_MATCH = YES;
				CODE_SIGN_IDENTITY = "iPhone Developer";
				COPY_PHASE_STRIP = NO;
				DEBUG_INFORMATION_FORMAT = dwarf;
				ENABLE_STRICT_OBJC_MSGSEND = YES;
				ENABLE_TESTABILITY = YES;
				GCC_C_LANGUAGE_STANDARD = gnu11;
				GCC_DYNAMIC_NO_PIC = NO;
				GCC_NO_COMMON_BLOCKS = YES;
				GCC_OPTIMIZATION_LEVEL = 0;
				GCC_PREPROCESSOR_DEFINITIONS = (
					"DEBUG=1",
					"$(inherited)",
				);
				GCC_WARN_64_TO_32_BIT_CONVERSION = YES;
				GCC_WARN_ABOUT_RETURN_TYPE = YES_ERROR;
				GCC_WARN_UNDECLARED_SELECTOR = YES;
				GCC_WARN_UNINITIALIZED_AUTOS = YES_AGGRESSIVE;
				GCC_WARN_UNUSED_FUNCTION = YES;
				GCC_WARN_UNUSED_VARIABLE = YES;
				IPHONEOS_DEPLOYMENT_TARGET = 12.2;
				MTL_ENABLE_DEBUG_INFO = INCLUDE_SOURCE;
				MTL_FAST_MATH = YES;
				ONLY_ACTIVE_ARCH = YES;
				SDKROOT = iphoneos;
			};
			name = Debug;
		};
		9217C924229308D5008B3235 /* Release */ = {
			isa = XCBuildConfiguration;
			buildSettings = {
				ALWAYS_SEARCH_USER_PATHS = NO;
				CLANG_ANALYZER_NONNULL = YES;
				CLANG_ANALYZER_NUMBER_OBJECT_CONVERSION = YES_AGGRESSIVE;
				CLANG_CXX_LANGUAGE_STANDARD = "gnu++14";
				CLANG_CXX_LIBRARY = "libc++";
				CLANG_ENABLE_MODULES = YES;
				CLANG_ENABLE_OBJC_ARC = YES;
				CLANG_ENABLE_OBJC_WEAK = YES;
				CLANG_WARN_BLOCK_CAPTURE_AUTORELEASING = YES;
				CLANG_WARN_BOOL_CONVERSION = YES;
				CLANG_WARN_COMMA = YES;
				CLANG_WARN_CONSTANT_CONVERSION = YES;
				CLANG_WARN_DEPRECATED_OBJC_IMPLEMENTATIONS = YES;
				CLANG_WARN_DIRECT_OBJC_ISA_USAGE = YES_ERROR;
				CLANG_WARN_DOCUMENTATION_COMMENTS = YES;
				CLANG_WARN_EMPTY_BODY = YES;
				CLANG_WARN_ENUM_CONVERSION = YES;
				CLANG_WARN_INFINITE_RECURSION = YES;
				CLANG_WARN_INT_CONVERSION = YES;
				CLANG_WARN_NON_LITERAL_NULL_CONVERSION = YES;
				CLANG_WARN_OBJC_IMPLICIT_RETAIN_SELF = YES;
				CLANG_WARN_OBJC_LITERAL_CONVERSION = YES;
				CLANG_WARN_OBJC_ROOT_CLASS = YES_ERROR;
				CLANG_WARN_RANGE_LOOP_ANALYSIS = YES;
				CLANG_WARN_STRICT_PROTOTYPES = YES;
				CLANG_WARN_SUSPICIOUS_MOVE = YES;
				CLANG_WARN_UNGUARDED_AVAILABILITY = YES_AGGRESSIVE;
				CLANG_WARN_UNREACHABLE_CODE = YES;
				CLANG_WARN__DUPLICATE_METHOD_MATCH = YES;
				CODE_SIGN_IDENTITY = "iPhone Developer";
				COPY_PHASE_STRIP = NO;
				DEBUG_INFORMATION_FORMAT = "dwarf-with-dsym";
				ENABLE_NS_ASSERTIONS = NO;
				ENABLE_STRICT_OBJC_MSGSEND = YES;
				GCC_C_LANGUAGE_STANDARD = gnu11;
				GCC_NO_COMMON_BLOCKS = YES;
				GCC_WARN_64_TO_32_BIT_CONVERSION = YES;
				GCC_WARN_ABOUT_RETURN_TYPE = YES_ERROR;
				GCC_WARN_UNDECLARED_SELECTOR = YES;
				GCC_WARN_UNINITIALIZED_AUTOS = YES_AGGRESSIVE;
				GCC_WARN_UNUSED_FUNCTION = YES;
				GCC_WARN_UNUSED_VARIABLE = YES;
				IPHONEOS_DEPLOYMENT_TARGET = 12.2;
				MTL_ENABLE_DEBUG_INFO = NO;
				MTL_FAST_MATH = YES;
				SDKROOT = iphoneos;
				VALIDATE_PRODUCT = YES;
			};
			name = Release;
		};
		9217C926229308D5008B3235 /* Debug */ = {
			isa = XCBuildConfiguration;
			buildSettings = {
				ASSETCATALOG_COMPILER_APPICON_NAME = AppIcon;
				CODE_SIGN_STYLE = Automatic;
				INFOPLIST_FILE = "$(SRCROOT)/PlaylistObjectiveC/Resources/Info.plist";
				LD_RUNPATH_SEARCH_PATHS = (
					"$(inherited)",
					"@executable_path/Frameworks",
				);
				PRODUCT_BUNDLE_IDENTIFIER = "William-Moody.PlaylistObjectiveC";
				PRODUCT_NAME = "$(TARGET_NAME)";
				TARGETED_DEVICE_FAMILY = "1,2";
			};
			name = Debug;
		};
		9217C927229308D5008B3235 /* Release */ = {
			isa = XCBuildConfiguration;
			buildSettings = {
				ASSETCATALOG_COMPILER_APPICON_NAME = AppIcon;
				CODE_SIGN_STYLE = Automatic;
				INFOPLIST_FILE = "$(SRCROOT)/PlaylistObjectiveC/Resources/Info.plist";
				LD_RUNPATH_SEARCH_PATHS = (
					"$(inherited)",
					"@executable_path/Frameworks",
				);
				PRODUCT_BUNDLE_IDENTIFIER = "William-Moody.PlaylistObjectiveC";
				PRODUCT_NAME = "$(TARGET_NAME)";
				TARGETED_DEVICE_FAMILY = "1,2";
			};
			name = Release;
		};
		9217C929229308D5008B3235 /* Debug */ = {
			isa = XCBuildConfiguration;
			buildSettings = {
				BUNDLE_LOADER = "$(TEST_HOST)";
				CODE_SIGN_STYLE = Automatic;
				INFOPLIST_FILE = PlaylistObjectiveCTests/Info.plist;
				LD_RUNPATH_SEARCH_PATHS = (
					"$(inherited)",
					"@executable_path/Frameworks",
					"@loader_path/Frameworks",
				);
				PRODUCT_BUNDLE_IDENTIFIER = "William-Moody.PlaylistObjectiveCTests";
				PRODUCT_NAME = "$(TARGET_NAME)";
				TARGETED_DEVICE_FAMILY = "1,2";
				TEST_HOST = "$(BUILT_PRODUCTS_DIR)/PlaylistObjectiveC.app/PlaylistObjectiveC";
			};
			name = Debug;
		};
		9217C92A229308D5008B3235 /* Release */ = {
			isa = XCBuildConfiguration;
			buildSettings = {
				BUNDLE_LOADER = "$(TEST_HOST)";
				CODE_SIGN_STYLE = Automatic;
				INFOPLIST_FILE = PlaylistObjectiveCTests/Info.plist;
				LD_RUNPATH_SEARCH_PATHS = (
					"$(inherited)",
					"@executable_path/Frameworks",
					"@loader_path/Frameworks",
				);
				PRODUCT_BUNDLE_IDENTIFIER = "William-Moody.PlaylistObjectiveCTests";
				PRODUCT_NAME = "$(TARGET_NAME)";
				TARGETED_DEVICE_FAMILY = "1,2";
				TEST_HOST = "$(BUILT_PRODUCTS_DIR)/PlaylistObjectiveC.app/PlaylistObjectiveC";
			};
			name = Release;
		};
		9217C92C229308D5008B3235 /* Debug */ = {
			isa = XCBuildConfiguration;
			buildSettings = {
				CODE_SIGN_STYLE = Automatic;
				INFOPLIST_FILE = PlaylistObjectiveCUITests/Info.plist;
				LD_RUNPATH_SEARCH_PATHS = (
					"$(inherited)",
					"@executable_path/Frameworks",
					"@loader_path/Frameworks",
				);
				PRODUCT_BUNDLE_IDENTIFIER = "William-Moody.PlaylistObjectiveCUITests";
				PRODUCT_NAME = "$(TARGET_NAME)";
				TARGETED_DEVICE_FAMILY = "1,2";
				TEST_TARGET_NAME = PlaylistObjectiveC;
			};
			name = Debug;
		};
		9217C92D229308D5008B3235 /* Release */ = {
			isa = XCBuildConfiguration;
			buildSettings = {
				CODE_SIGN_STYLE = Automatic;
				INFOPLIST_FILE = PlaylistObjectiveCUITests/Info.plist;
				LD_RUNPATH_SEARCH_PATHS = (
					"$(inherited)",
					"@executable_path/Frameworks",
					"@loader_path/Frameworks",
				);
				PRODUCT_BUNDLE_IDENTIFIER = "William-Moody.PlaylistObjectiveCUITests";
				PRODUCT_NAME = "$(TARGET_NAME)";
				TARGETED_DEVICE_FAMILY = "1,2";
				TEST_TARGET_NAME = PlaylistObjectiveC;
			};
			name = Release;
		};
/* End XCBuildConfiguration section */

/* Begin XCConfigurationList section */
		9217C8F4229308D4008B3235 /* Build configuration list for PBXProject "PlaylistObjectiveC" */ = {
			isa = XCConfigurationList;
			buildConfigurations = (
				9217C923229308D5008B3235 /* Debug */,
				9217C924229308D5008B3235 /* Release */,
			);
			defaultConfigurationIsVisible = 0;
			defaultConfigurationName = Release;
		};
		9217C925229308D5008B3235 /* Build configuration list for PBXNativeTarget "PlaylistObjectiveC" */ = {
			isa = XCConfigurationList;
			buildConfigurations = (
				9217C926229308D5008B3235 /* Debug */,
				9217C927229308D5008B3235 /* Release */,
			);
			defaultConfigurationIsVisible = 0;
			defaultConfigurationName = Release;
		};
		9217C928229308D5008B3235 /* Build configuration list for PBXNativeTarget "PlaylistObjectiveCTests" */ = {
			isa = XCConfigurationList;
			buildConfigurations = (
				9217C929229308D5008B3235 /* Debug */,
				9217C92A229308D5008B3235 /* Release */,
			);
			defaultConfigurationIsVisible = 0;
			defaultConfigurationName = Release;
		};
		9217C92B229308D5008B3235 /* Build configuration list for PBXNativeTarget "PlaylistObjectiveCUITests" */ = {
			isa = XCConfigurationList;
			buildConfigurations = (
				9217C92C229308D5008B3235 /* Debug */,
				9217C92D229308D5008B3235 /* Release */,
			);
			defaultConfigurationIsVisible = 0;
			defaultConfigurationName = Release;
		};
/* End XCConfigurationList section */
	};
	rootObject = 9217C8F1229308D4008B3235 /* Project object */;
}
